
Microsoft Visual Studio Solution File, Format Version 12.00
# Visual Studio Version 16
VisualStudioVersion = 16.0.31729.503
MinimumVisualStudioVersion = 10.0.40219.1
Project("{FAE04EC0-301F-11D3-BF4B-00C04F79EFBC}") = "Municipality", "Municipality\Municipality.csproj", "{B2728A6C-B5BC-4728-A386-4469892C9790}"
EndProject
Global
	GlobalSection(SolutionConfigurationPlatforms) = preSolution
		Debug|Any CPU = Debug|Any CPU
		Release|Any CPU = Release|Any CPU
	EndGlobalSection
	GlobalSection(ProjectConfigurationPlatforms) = postSolution
		{B2728A6C-B5BC-4728-A386-4469892C9790}.Debug|Any CPU.ActiveCfg = Debug|Any CPU
		{B2728A6C-B5BC-4728-A386-4469892C9790}.Debug|Any CPU.Build.0 = Debug|Any CPU
		{B2728A6C-B5BC-4728-A386-4469892C9790}.Release|Any CPU.ActiveCfg = Release|Any CPU
		{B2728A6C-B5BC-4728-A386-4469892C9790}.Release|Any CPU.Build.0 = Release|Any CPU
	EndGlobalSection
	GlobalSection(SolutionProperties) = preSolution
		HideSolutionNode = FALSE
	EndGlobalSection
	GlobalSection(ExtensibilityGlobals) = postSolution
		SolutionGuid = {32D013EF-985A-4CB8-A13E-6B31C0345190}
	EndGlobalSection
EndGlobal
